
Microsoft Visual Studio Solution File, Format Version 12.00
# Visual Studio 15
VisualStudioVersion = 15.0.28307.329
MinimumVisualStudioVersion = 10.0.40219.1
Project("{9A19103F-16F7-4668-BE54-9A1E7A4F7556}") = "21 April 2019", "21 April 2019\21 April 2019.csproj", "{2216FEC2-26A3-428D-A011-3AFC0073C3E4}"
EndProject
Project("{9A19103F-16F7-4668-BE54-9A1E7A4F7556}") = "01. Easter Lunch", "01. Easter Lunch\01. Easter Lunch.csproj", "{FF7C3023-E85D-4F79-A056-26586454FF91}"
EndProject
Project("{9A19103F-16F7-4668-BE54-9A1E7A4F7556}") = "01. Easter Bakery", "01. Easter Bakery\01. Easter Bakery.csproj", "{88F4A541-F87D-465A-BF96-28D37E86DFEC}"
EndProject
Project("{9A19103F-16F7-4668-BE54-9A1E7A4F7556}") = "02. Easter Party", "02. Easter Party\02. Easter Party.csproj", "{0FE0C024-FB48-4C4F-9AC9-216AC7FCB8E5}"
EndProject
Project("{9A19103F-16F7-4668-BE54-9A1E7A4F7556}") = "02. Easter Guests", "02. Easter Guests\02. Easter Guests.csproj", "{7D241F22-6767-4250-A292-7B3E27E075DF}"
EndProject
Project("{9A19103F-16F7-4668-BE54-9A1E7A4F7556}") = "03. Easter Trip", "03. Easter Trip\03. Easter Trip.csproj", "{AC0B82C4-15C8-4303-B71F-B9DB152DF072}"
EndProject
Project("{9A19103F-16F7-4668-BE54-9A1E7A4F7556}") = "03. Painting Eggs", "03. Painting Eggs\03. Painting Eggs.csproj", "{3BF14747-F0D5-49E3-BD1E-93D96A92548F}"
EndProject
Project("{9A19103F-16F7-4668-BE54-9A1E7A4F7556}") = "04. Easter Eggs Battle", "04. Easter Eggs Battle\04. Easter Eggs Battle.csproj", "{2A72C88A-ACA7-4F2C-9400-1E67EEEB6524}"
EndProject
Project("{9A19103F-16F7-4668-BE54-9A1E7A4F7556}") = "04. Easter Shop", "04. Easter Shop\04. Easter Shop.csproj", "{080CBB2D-1E0B-497F-B191-8F9415E8DC0F}"
EndProject
Project("{9A19103F-16F7-4668-BE54-9A1E7A4F7556}") = "05. Easter Eggs", "05. Easter Eggs\05. Easter Eggs.csproj", "{863FD0E1-11D0-4583-9E1B-A7C35BBB3BC3}"
EndProject
Project("{9A19103F-16F7-4668-BE54-9A1E7A4F7556}") = "05. Easter Bake", "05. Easter Bake\05. Easter Bake.csproj", "{41E652D6-02B3-4762-AE4B-9DCAD06DBA47}"
EndProject
Project("{FAE04EC0-301F-11D3-BF4B-00C04F79EFBC}") = "06. Easter Competition", "06. Easter Competition\06. Easter Competition.csproj", "{F97370EB-271C-41D2-9DDB-CEDC74C518DA}"
EndProject
Project("{FAE04EC0-301F-11D3-BF4B-00C04F79EFBC}") = "06. Easter Decoration", "06. Easter Decoration\06. Easter Decoration.csproj", "{B649D4B8-4336-4698-99DC-3E5334C76BB4}"
EndProject
Global
	GlobalSection(SolutionConfigurationPlatforms) = preSolution
		Debug|Any CPU = Debug|Any CPU
		Release|Any CPU = Release|Any CPU
	EndGlobalSection
	GlobalSection(ProjectConfigurationPlatforms) = postSolution
		{2216FEC2-26A3-428D-A011-3AFC0073C3E4}.Debug|Any CPU.ActiveCfg = Debug|Any CPU
		{2216FEC2-26A3-428D-A011-3AFC0073C3E4}.Debug|Any CPU.Build.0 = Debug|Any CPU
		{2216FEC2-26A3-428D-A011-3AFC0073C3E4}.Release|Any CPU.ActiveCfg = Release|Any CPU
		{2216FEC2-26A3-428D-A011-3AFC0073C3E4}.Release|Any CPU.Build.0 = Release|Any CPU
		{FF7C3023-E85D-4F79-A056-26586454FF91}.Debug|Any CPU.ActiveCfg = Debug|Any CPU
		{FF7C3023-E85D-4F79-A056-26586454FF91}.Debug|Any CPU.Build.0 = Debug|Any CPU
		{FF7C3023-E85D-4F79-A056-26586454FF91}.Release|Any CPU.ActiveCfg = Release|Any CPU
		{FF7C3023-E85D-4F79-A056-26586454FF91}.Release|Any CPU.Build.0 = Release|Any CPU
		{88F4A541-F87D-465A-BF96-28D37E86DFEC}.Debug|Any CPU.ActiveCfg = Debug|Any CPU
		{88F4A541-F87D-465A-BF96-28D37E86DFEC}.Debug|Any CPU.Build.0 = Debug|Any CPU
		{88F4A541-F87D-465A-BF96-28D37E86DFEC}.Release|Any CPU.ActiveCfg = Release|Any CPU
		{88F4A541-F87D-465A-BF96-28D37E86DFEC}.Release|Any CPU.Build.0 = Release|Any CPU
		{0FE0C024-FB48-4C4F-9AC9-216AC7FCB8E5}.Debug|Any CPU.ActiveCfg = Debug|Any CPU
		{0FE0C024-FB48-4C4F-9AC9-216AC7FCB8E5}.Debug|Any CPU.Build.0 = Debug|Any CPU
		{0FE0C024-FB48-4C4F-9AC9-216AC7FCB8E5}.Release|Any CPU.ActiveCfg = Release|Any CPU
		{0FE0C024-FB48-4C4F-9AC9-216AC7FCB8E5}.Release|Any CPU.Build.0 = Release|Any CPU
		{7D241F22-6767-4250-A292-7B3E27E075DF}.Debug|Any CPU.ActiveCfg = Debug|Any CPU
		{7D241F22-6767-4250-A292-7B3E27E075DF}.Debug|Any CPU.Build.0 = Debug|Any CPU
		{7D241F22-6767-4250-A292-7B3E27E075DF}.Release|Any CPU.ActiveCfg = Release|Any CPU
		{7D241F22-6767-4250-A292-7B3E27E075DF}.Release|Any CPU.Build.0 = Release|Any CPU
		{AC0B82C4-15C8-4303-B71F-B9DB152DF072}.Debug|Any CPU.ActiveCfg = Debug|Any CPU
		{AC0B82C4-15C8-4303-B71F-B9DB152DF072}.Debug|Any CPU.Build.0 = Debug|Any CPU
		{AC0B82C4-15C8-4303-B71F-B9DB152DF072}.Release|Any CPU.ActiveCfg = Release|Any CPU
		{AC0B82C4-15C8-4303-B71F-B9DB152DF072}.Release|Any CPU.Build.0 = Release|Any CPU
		{3BF14747-F0D5-49E3-BD1E-93D96A92548F}.Debug|Any CPU.ActiveCfg = Debug|Any CPU
		{3BF14747-F0D5-49E3-BD1E-93D96A92548F}.Debug|Any CPU.Build.0 = Debug|Any CPU
		{3BF14747-F0D5-49E3-BD1E-93D96A92548F}.Release|Any CPU.ActiveCfg = Release|Any CPU
		{3BF14747-F0D5-49E3-BD1E-93D96A92548F}.Release|Any CPU.Build.0 = Release|Any CPU
		{2A72C88A-ACA7-4F2C-9400-1E67EEEB6524}.Debug|Any CPU.ActiveCfg = Debug|Any CPU
		{2A72C88A-ACA7-4F2C-9400-1E67EEEB6524}.Debug|Any CPU.Build.0 = Debug|Any CPU
		{2A72C88A-ACA7-4F2C-9400-1E67EEEB6524}.Release|Any CPU.ActiveCfg = Release|Any CPU
		{2A72C88A-ACA7-4F2C-9400-1E67EEEB6524}.Release|Any CPU.Build.0 = Release|Any CPU
		{080CBB2D-1E0B-497F-B191-8F9415E8DC0F}.Debug|Any CPU.ActiveCfg = Debug|Any CPU
		{080CBB2D-1E0B-497F-B191-8F9415E8DC0F}.Debug|Any CPU.Build.0 = Debug|Any CPU
		{080CBB2D-1E0B-497F-B191-8F9415E8DC0F}.Release|Any CPU.ActiveCfg = Release|Any CPU
		{080CBB2D-1E0B-497F-B191-8F9415E8DC0F}.Release|Any CPU.Build.0 = Release|Any CPU
		{863FD0E1-11D0-4583-9E1B-A7C35BBB3BC3}.Debug|Any CPU.ActiveCfg = Debug|Any CPU
		{863FD0E1-11D0-4583-9E1B-A7C35BBB3BC3}.Debug|Any CPU.Build.0 = Debug|Any CPU
		{863FD0E1-11D0-4583-9E1B-A7C35BBB3BC3}.Release|Any CPU.ActiveCfg = Release|Any CPU
		{863FD0E1-11D0-4583-9E1B-A7C35BBB3BC3}.Release|Any CPU.Build.0 = Release|Any CPU
		{41E652D6-02B3-4762-AE4B-9DCAD06DBA47}.Debug|Any CPU.ActiveCfg = Debug|Any CPU
		{41E652D6-02B3-4762-AE4B-9DCAD06DBA47}.Debug|Any CPU.Build.0 = Debug|Any CPU
		{41E652D6-02B3-4762-AE4B-9DCAD06DBA47}.Release|Any CPU.ActiveCfg = Release|Any CPU
		{41E652D6-02B3-4762-AE4B-9DCAD06DBA47}.Release|Any CPU.Build.0 = Release|Any CPU
		{F97370EB-271C-41D2-9DDB-CEDC74C518DA}.Debug|Any CPU.ActiveCfg = Debug|Any CPU
		{F97370EB-271C-41D2-9DDB-CEDC74C518DA}.Debug|Any CPU.Build.0 = Debug|Any CPU
		{F97370EB-271C-41D2-9DDB-CEDC74C518DA}.Release|Any CPU.ActiveCfg = Release|Any CPU
		{F97370EB-271C-41D2-9DDB-CEDC74C518DA}.Release|Any CPU.Build.0 = Release|Any CPU
		{B649D4B8-4336-4698-99DC-3E5334C76BB4}.Debug|Any CPU.ActiveCfg = Debug|Any CPU
		{B649D4B8-4336-4698-99DC-3E5334C76BB4}.Debug|Any CPU.Build.0 = Debug|Any CPU
		{B649D4B8-4336-4698-99DC-3E5334C76BB4}.Release|Any CPU.ActiveCfg = Release|Any CPU
		{B649D4B8-4336-4698-99DC-3E5334C76BB4}.Release|Any CPU.Build.0 = Release|Any CPU
	EndGlobalSection
	GlobalSection(SolutionProperties) = preSolution
		HideSolutionNode = FALSE
	EndGlobalSection
	GlobalSection(ExtensibilityGlobals) = postSolution
		SolutionGuid = {70D33E31-8BE3-4980-A9DE-4233A096F65F}
	EndGlobalSection
EndGlobal
